
Microsoft Visual Studio Solution File, Format Version 12.00
Project("{FAE04EC0-301F-11D3-BF4B-00C04F79EFBC}") = "ConsoleApp23", "ConsoleApp23\ConsoleApp23.csproj", "{DB27619E-C583-47A8-9F23-06C1AED0CE7C}"
EndProject
Global
	GlobalSection(SolutionConfigurationPlatforms) = preSolution
		Debug|Any CPU = Debug|Any CPU
		Release|Any CPU = Release|Any CPU
	EndGlobalSection
	GlobalSection(ProjectConfigurationPlatforms) = postSolution
		{DB27619E-C583-47A8-9F23-06C1AED0CE7C}.Debug|Any CPU.ActiveCfg = Debug|Any CPU
		{DB27619E-C583-47A8-9F23-06C1AED0CE7C}.Debug|Any CPU.Build.0 = Debug|Any CPU
		{DB27619E-C583-47A8-9F23-06C1AED0CE7C}.Release|Any CPU.ActiveCfg = Release|Any CPU
		{DB27619E-C583-47A8-9F23-06C1AED0CE7C}.Release|Any CPU.Build.0 = Release|Any CPU
	EndGlobalSection
EndGlobal
